
Microsoft Visual Studio Solution File, Format Version 12.00
# Visual Studio 14
VisualStudioVersion = 14.0.23107.0
MinimumVisualStudioVersion = 10.0.40219.1
Project("{FAE04EC0-301F-11D3-BF4B-00C04F79EFBC}") = "eyect4rails", "eyect4rails\eyect4rails.csproj", "{98BD9934-C5EC-4EE0-BA31-D6AA093A9122}"
EndProject
Global
	GlobalSection(SolutionConfigurationPlatforms) = preSolution
		Debug|Any CPU = Debug|Any CPU
		Release|Any CPU = Release|Any CPU
	EndGlobalSection
	GlobalSection(ProjectConfigurationPlatforms) = postSolution
		{98BD9934-C5EC-4EE0-BA31-D6AA093A9122}.Debug|Any CPU.ActiveCfg = Debug|Any CPU
		{98BD9934-C5EC-4EE0-BA31-D6AA093A9122}.Debug|Any CPU.Build.0 = Debug|Any CPU
		{98BD9934-C5EC-4EE0-BA31-D6AA093A9122}.Release|Any CPU.ActiveCfg = Release|Any CPU
		{98BD9934-C5EC-4EE0-BA31-D6AA093A9122}.Release|Any CPU.Build.0 = Release|Any CPU
	EndGlobalSection
	GlobalSection(SolutionProperties) = preSolution
		HideSolutionNode = FALSE
	EndGlobalSection
EndGlobal
